{
  "name": "paypal",
  "version": "0.0.1",
  "lockfileVersion": 1,
  "requires": true,
  "dependencies": {
    "react-native-paypal-wrapper": {
      "version": "1.3.1",
      "resolved": "https://registry.npmjs.org/react-native-paypal-wrapper/-/react-native-paypal-wrapper-1.3.1.tgz",
      "integrity": "sha1-omJjepTgM4b720/R8djaSiu8VO8="
    }
  }
}
